
Microsoft Visual Studio Solution File, Format Version 12.00
# Visual Studio Version 17
VisualStudioVersion = 17.5.002.0
MinimumVisualStudioVersion = 10.0.40219.1
Project("{9A19103F-16F7-4668-BE54-9A1E7A4F7556}") = "Timesheet", "Timesheet.csproj", "{3E910C5C-F9DE-44D1-98FA-36BFA421D59B}"
EndProject
Project("{2150E333-8FDC-42A3-9474-1A3956D46DE8}") = "Timesheet.Test", "Timesheet.Test", "{BCCE85C6-A938-4A96-BD9B-101839D09557}"
EndProject
Project("{9A19103F-16F7-4668-BE54-9A1E7A4F7556}") = "Timesheet.Test", "Timesheet.Test\Timesheet.Test.csproj", "{13E2BED2-D187-4CA8-AC8E-6CE8151A1A73}"
EndProject
Global
	GlobalSection(SolutionConfigurationPlatforms) = preSolution
		Debug|Any CPU = Debug|Any CPU
		Release|Any CPU = Release|Any CPU
	EndGlobalSection
	GlobalSection(ProjectConfigurationPlatforms) = postSolution
		{3E910C5C-F9DE-44D1-98FA-36BFA421D59B}.Debug|Any CPU.ActiveCfg = Debug|Any CPU
		{3E910C5C-F9DE-44D1-98FA-36BFA421D59B}.Debug|Any CPU.Build.0 = Debug|Any CPU
		{3E910C5C-F9DE-44D1-98FA-36BFA421D59B}.Release|Any CPU.ActiveCfg = Release|Any CPU
		{3E910C5C-F9DE-44D1-98FA-36BFA421D59B}.Release|Any CPU.Build.0 = Release|Any CPU
		{13E2BED2-D187-4CA8-AC8E-6CE8151A1A73}.Debug|Any CPU.ActiveCfg = Debug|Any CPU
		{13E2BED2-D187-4CA8-AC8E-6CE8151A1A73}.Debug|Any CPU.Build.0 = Debug|Any CPU
		{13E2BED2-D187-4CA8-AC8E-6CE8151A1A73}.Release|Any CPU.ActiveCfg = Release|Any CPU
		{13E2BED2-D187-4CA8-AC8E-6CE8151A1A73}.Release|Any CPU.Build.0 = Release|Any CPU
	EndGlobalSection
	GlobalSection(SolutionProperties) = preSolution
		HideSolutionNode = FALSE
	EndGlobalSection
	GlobalSection(NestedProjects) = preSolution
		{13E2BED2-D187-4CA8-AC8E-6CE8151A1A73} = {BCCE85C6-A938-4A96-BD9B-101839D09557}
	EndGlobalSection
	GlobalSection(ExtensibilityGlobals) = postSolution
		SolutionGuid = {7ABCB797-81DE-4564-A713-5655452FB992}
	EndGlobalSection
EndGlobal
